
<?xml version="1.0" encoding="UTF-8" standalone="yes" ?>
<CodeBlocks_project_file>
	<FileVersion major="1" minor="6" />
	<Project>
		<Option title="warmup" />
		<Option pch_mode="2" />
		<Option compiler="gcc" />
		<Build>
			<Target title="Debug">
				<Option output="bin/Debug/warmup" prefix_auto="1" extension_auto="1" />
				<Option object_output="obj/Debug/" />
				<Option type="1" />
				<Option compiler="gcc" />
				<Compiler>
					<Add option="-g" />
				</Compiler>
			</Target>
			<Target title="Release">
				<Option output="bin/Release/warmup" prefix_auto="1" extension_auto="1" />
				<Option object_output="obj/Release/" />
				<Option type="1" />
				<Option compiler="gcc" />
				<Compiler>
					<Add option="-O2" />
				</Compiler>
				<Linker>
					<Add option="-s" />
				</Linker>
			</Target>
		</Build>
		<Compiler>
			<Add option="-Wall" />
		</Compiler>
		<Unit filename=".vscode/launch.json" />
		<Unit filename=".vscode/tasks.json" />
		<Unit filename="05-fatorial/input/instance_1" />
		<Unit filename="05-fatorial/input/instance_10" />
		<Unit filename="05-fatorial/input/instance_11" />
		<Unit filename="05-fatorial/input/instance_12" />
		<Unit filename="05-fatorial/input/instance_13" />
		<Unit filename="05-fatorial/input/instance_14" />
		<Unit filename="05-fatorial/input/instance_15" />
		<Unit filename="05-fatorial/input/instance_16" />
		<Unit filename="05-fatorial/input/instance_17" />
		<Unit filename="05-fatorial/input/instance_18" />
		<Unit filename="05-fatorial/input/instance_19" />
		<Unit filename="05-fatorial/input/instance_2" />
		<Unit filename="05-fatorial/input/instance_20" />
		<Unit filename="05-fatorial/input/instance_21" />
		<Unit filename="05-fatorial/input/instance_22" />
		<Unit filename="05-fatorial/input/instance_23" />
		<Unit filename="05-fatorial/input/instance_24" />
		<Unit filename="05-fatorial/input/instance_25" />
		<Unit filename="05-fatorial/input/instance_26" />
		<Unit filename="05-fatorial/input/instance_27" />
		<Unit filename="05-fatorial/input/instance_28" />
		<Unit filename="05-fatorial/input/instance_29" />
		<Unit filename="05-fatorial/input/instance_3" />
		<Unit filename="05-fatorial/input/instance_30" />
		<Unit filename="05-fatorial/input/instance_4" />
		<Unit filename="05-fatorial/input/instance_5" />
		<Unit filename="05-fatorial/input/instance_6" />
		<Unit filename="05-fatorial/input/instance_7" />
		<Unit filename="05-fatorial/input/instance_8" />
		<Unit filename="05-fatorial/input/instance_9" />
		<Unit filename="05-fatorial/input/instance_ex1" />
		<Unit filename="05-fatorial/input/instance_ex2" />
		<Unit filename="05-fatorial/output/instance_1" />
		<Unit filename="05-fatorial/output/instance_10" />
		<Unit filename="05-fatorial/output/instance_11" />
		<Unit filename="05-fatorial/output/instance_12" />
		<Unit filename="05-fatorial/output/instance_13" />
		<Unit filename="05-fatorial/output/instance_14" />
		<Unit filename="05-fatorial/output/instance_15" />
		<Unit filename="05-fatorial/output/instance_16" />
		<Unit filename="05-fatorial/output/instance_17" />
		<Unit filename="05-fatorial/output/instance_18" />
		<Unit filename="05-fatorial/output/instance_19" />
		<Unit filename="05-fatorial/output/instance_2" />
		<Unit filename="05-fatorial/output/instance_20" />
		<Unit filename="05-fatorial/output/instance_21" />
		<Unit filename="05-fatorial/output/instance_22" />
		<Unit filename="05-fatorial/output/instance_23" />
		<Unit filename="05-fatorial/output/instance_24" />
		<Unit filename="05-fatorial/output/instance_25" />
		<Unit filename="05-fatorial/output/instance_26" />
		<Unit filename="05-fatorial/output/instance_27" />
		<Unit filename="05-fatorial/output/instance_28" />
		<Unit filename="05-fatorial/output/instance_29" />
		<Unit filename="05-fatorial/output/instance_3" />
		<Unit filename="05-fatorial/output/instance_30" />
		<Unit filename="05-fatorial/output/instance_4" />
		<Unit filename="05-fatorial/output/instance_5" />
		<Unit filename="05-fatorial/output/instance_6" />
		<Unit filename="05-fatorial/output/instance_7" />
		<Unit filename="05-fatorial/output/instance_8" />
		<Unit filename="05-fatorial/output/instance_9" />
		<Unit filename="05-fatorial/output/instance_ex1" />
		<Unit filename="05-fatorial/output/instance_ex2" />
		<Unit filename="include/warmup_solver.h" />
		<Unit filename="solver/warmup_solver.c">
			<Option compilerVar="CC" />
		</Unit>
		<Unit filename="warmup.c">
			<Option compilerVar="CC" />
		</Unit>
		<Extensions>
			<lib_finder disable_auto="1" />
		</Extensions>
	</Project>
</CodeBlocks_project_file>
